# THIS IS AN AUTOGENERATED FILE. DO NOT EDIT THIS FILE DIRECTLY.
# yarn lockfile v1


"@eslint-community/eslint-utils@^4.7.0", "@eslint-community/eslint-utils@^4.8.0":
  version "4.9.0"
  dependencies:
    eslint-visitor-keys "^3.4.3"

"@eslint-community/regexpp@^4.10.0", "@eslint-community/regexpp@^4.12.1":
  version "4.12.2"

"@eslint/config-array@^0.21.1":
  version "0.21.1"
  dependencies:
    "@eslint/object-schema" "^2.1.7"
    debug "^4.3.1"
    minimatch "^3.1.2"

"@eslint/config-helpers@^0.4.2":
  version "0.4.2"
  dependencies:
    "@eslint/core" "^0.17.0"

"@eslint/core@^0.17.0":
  version "0.17.0"
  dependencies:
    "@types/json-schema" "^7.0.15"

"@eslint/eslintrc@^3.3.1":
  version "3.3.3"
  dependencies:
    ajv "^6.12.4"
    debug "^4.3.2"
    espree "^10.0.1"
    globals "^14.0.0"
    ignore "^5.2.0"
    import-fresh "^3.2.1"
    js-yaml "^4.1.1"
    minimatch "^3.1.2"
    strip-json-comments "^3.1.1"

"@eslint/js@9.39.1":
  version "9.39.1"

"@eslint/object-schema@^2.1.7":
  version "2.1.7"

"@eslint/plugin-kit@^0.4.1":
  version "0.4.1"
  dependencies:
    "@eslint/core" "^0.17.0"
    levn "^0.4.1"

"@humanfs/core@^0.19.1":
  version "0.19.1"

"@humanfs/node@^0.16.6":
  version "0.16.7"
  dependencies:
    "@humanfs/core" "^0.19.1"
    "@humanwhocodes/retry" "^0.4.0"

"@humanwhocodes/module-importer@^1.0.1":
  version "1.0.1"

"@humanwhocodes/retry@^0.4.0", "@humanwhocodes/retry@^0.4.2":
  version "0.4.3"

"@types/estree@^1.0.6":
  version "1.0.8"

"@types/json-schema@^7.0.15":
  version "7.0.15"

"@typescript-eslint/eslint-plugin@^8.48.1":
  version "8.49.0"
  dependencies:
    "@eslint-community/regexpp" "^4.10.0"
    "@typescript-eslint/scope-manager" "8.49.0"
    "@typescript-eslint/type-utils" "8.49.0"
    "@typescript-eslint/utils" "8.49.0"
    "@typescript-eslint/visitor-keys" "8.49.0"
    ignore "^7.0.0"
    natural-compare "^1.4.0"
    ts-api-utils "^2.1.0"

"@typescript-eslint/parser@^8.48.1", "@typescript-eslint/parser@^8.49.0":
  version "8.49.0"
  dependencies:
    "@typescript-eslint/scope-manager" "8.49.0"
    "@typescript-eslint/types" "8.49.0"
    "@typescript-eslint/typescript-estree" "8.49.0"
    "@typescript-eslint/visitor-keys" "8.49.0"
    debug "^4.3.4"

"@typescript-eslint/project-service@8.49.0":
  version "8.49.0"
  dependencies:
    "@typescript-eslint/tsconfig-utils" "^8.49.0"
    "@typescript-eslint/types" "^8.49.0"
    debug "^4.3.4"

"@typescript-eslint/scope-manager@8.49.0":
  version "8.49.0"
  dependencies:
    "@typescript-eslint/types" "8.49.0"
    "@typescript-eslint/visitor-keys" "8.49.0"

"@typescript-eslint/tsconfig-utils@^8.49.0", "@typescript-eslint/tsconfig-utils@8.49.0":
  version "8.49.0"

"@typescript-eslint/type-utils@8.49.0":
  version "8.49.0"
  dependencies:
    "@typescript-eslint/types" "8.49.0"
    "@typescript-eslint/typescript-estree" "8.49.0"
    "@typescript-eslint/utils" "8.49.0"
    debug "^4.3.4"
    ts-api-utils "^2.1.0"

"@typescript-eslint/types@^8.49.0", "@typescript-eslint/types@8.49.0":
  version "8.49.0"

"@typescript-eslint/typescript-estree@8.49.0":
  version "8.49.0"
  dependencies:
    "@typescript-eslint/project-service" "8.49.0"
    "@typescript-eslint/tsconfig-utils" "8.49.0"
    "@typescript-eslint/types" "8.49.0"
    "@typescript-eslint/visitor-keys" "8.49.0"
    debug "^4.3.4"
    minimatch "^9.0.4"
    semver "^7.6.0"
    tinyglobby "^0.2.15"
    ts-api-utils "^2.1.0"

"@typescript-eslint/utils@8.49.0":
  version "8.49.0"
  dependencies:
    "@eslint-community/eslint-utils" "^4.7.0"
    "@typescript-eslint/scope-manager" "8.49.0"
    "@typescript-eslint/types" "8.49.0"
    "@typescript-eslint/typescript-estree" "8.49.0"

"@typescript-eslint/visitor-keys@8.49.0":
  version "8.49.0"
  dependencies:
    "@typescript-eslint/types" "8.49.0"
    eslint-visitor-keys "^4.2.1"

acorn-jsx@^5.3.2:
  version "5.3.2"

"acorn@^6.0.0 || ^7.0.0 || ^8.0.0", acorn@^8.15.0:
  version "8.15.0"

ajv@^6.12.4:
  version "6.12.6"
  dependencies:
    fast-deep-equal "^3.1.1"
    fast-json-stable-stringify "^2.0.0"
    json-schema-traverse "^0.4.1"
    uri-js "^4.2.2"

ansi-regex@^5.0.1:
  version "5.0.1"
  resolved "https://registry.npmjs.org/ansi-regex/-/ansi-regex-5.0.1.tgz"
  integrity sha512-quJQXlTSUGL2LH9SUXo8VwsY4soanhgo6LNSm84E1LBcE8s3O0wpdiRzyR9z/ZZJMlMWv37qOOb9pdJlMUEKFQ==

ansi-styles@^4.0.0, ansi-styles@^4.1.0:
  version "4.3.0"
  dependencies:
    color-convert "^2.0.1"

argparse@^2.0.1:
  version "2.0.1"

balanced-match@^1.0.0:
  version "1.0.2"

brace-expansion@^1.1.7:
  version "1.1.12"
  dependencies:
    balanced-match "^1.0.0"
    concat-map "0.0.1"

brace-expansion@^2.0.1:
  version "2.0.2"
  dependencies:
    balanced-match "^1.0.0"

callsites@^3.0.0:
  version "3.1.0"

chalk@^4.0.0:
  version "4.1.2"
  dependencies:
    ansi-styles "^4.1.0"
    supports-color "^7.1.0"

cliui@^8.0.1:
  version "8.0.1"
  resolved "https://registry.npmjs.org/cliui/-/cliui-8.0.1.tgz"
  integrity sha512-BSeNnyus75C4//NQ9gQt1/csTXyo/8Sb+afLAkzAptFuMsod9HFokGNudZpi/oQV73hnVK+sR+5PVRMd+Dr7YQ==
  dependencies:
    string-width "^4.2.0"
    strip-ansi "^6.0.1"
    wrap-ansi "^7.0.0"

color-convert@^2.0.1:
  version "2.0.1"
  dependencies:
    color-name "~1.1.4"

color-name@~1.1.4:
  version "1.1.4"

concat-map@0.0.1:
  version "0.0.1"

cross-spawn@^7.0.6:
  version "7.0.6"
  dependencies:
    path-key "^3.1.0"
    shebang-command "^2.0.0"
    which "^2.0.1"

debug@^4.3.1, debug@^4.3.2, debug@^4.3.4:
  version "4.4.3"
  dependencies:
    ms "^2.1.3"

deep-is@^0.1.3:
  version "0.1.4"

dts-bundle-generator@^9.5.1:
  version "9.5.1"
  resolved "https://registry.npmjs.org/dts-bundle-generator/-/dts-bundle-generator-9.5.1.tgz"
  integrity sha512-DxpJOb2FNnEyOzMkG11sxO2dmxPjthoVWxfKqWYJ/bI/rT1rvTMktF5EKjAYrRZu6Z6t3NhOUZ0sZ5ZXevOfbA==
  dependencies:
    typescript ">=5.0.2"
    yargs "^17.6.0"

emoji-regex@^8.0.0:
  version "8.0.0"
  resolved "https://registry.npmjs.org/emoji-regex/-/emoji-regex-8.0.0.tgz"
  integrity sha512-MSjYzcWNOA0ewAHpz0MxpYFvwg6yjy1NG3xteoqz644VCo/RPgnr1/GGt+ic3iJTzQ8Eu3TdM14SawnVUmGE6A==

escalade@^3.1.1:
  version "3.2.0"
  resolved "https://registry.npmjs.org/escalade/-/escalade-3.2.0.tgz"
  integrity sha512-WUj2qlxaQtO4g6Pq5c29GTcWGDyd8itL8zTlipgECz3JesAiiOKotd8JU6otB3PACgG6xkJUyVhboMS+bje/jA==

escape-string-regexp@^4.0.0:
  version "4.0.0"

eslint-scope@^8.4.0:
  version "8.4.0"
  dependencies:
    esrecurse "^4.3.0"
    estraverse "^5.2.0"

eslint-visitor-keys@^3.4.3:
  version "3.4.3"

eslint-visitor-keys@^4.2.1:
  version "4.2.1"

"eslint@^6.0.0 || ^7.0.0 || >=8.0.0", "eslint@^8.57.0 || ^9.0.0", eslint@^9.39.1:
  version "9.39.1"
  dependencies:
    "@eslint-community/eslint-utils" "^4.8.0"
    "@eslint-community/regexpp" "^4.12.1"
    "@eslint/config-array" "^0.21.1"
    "@eslint/config-helpers" "^0.4.2"
    "@eslint/core" "^0.17.0"
    "@eslint/eslintrc" "^3.3.1"
    "@eslint/js" "9.39.1"
    "@eslint/plugin-kit" "^0.4.1"
    "@humanfs/node" "^0.16.6"
    "@humanwhocodes/module-importer" "^1.0.1"
    "@humanwhocodes/retry" "^0.4.2"
    "@types/estree" "^1.0.6"
    ajv "^6.12.4"
    chalk "^4.0.0"
    cross-spawn "^7.0.6"
    debug "^4.3.2"
    escape-string-regexp "^4.0.0"
    eslint-scope "^8.4.0"
    eslint-visitor-keys "^4.2.1"
    espree "^10.4.0"
    esquery "^1.5.0"
    esutils "^2.0.2"
    fast-deep-equal "^3.1.3"
    file-entry-cache "^8.0.0"
    find-up "^5.0.0"
    glob-parent "^6.0.2"
    ignore "^5.2.0"
    imurmurhash "^0.1.4"
    is-glob "^4.0.0"
    json-stable-stringify-without-jsonify "^1.0.1"
    lodash.merge "^4.6.2"
    minimatch "^3.1.2"
    natural-compare "^1.4.0"
    optionator "^0.9.3"

espree@^10.0.1, espree@^10.4.0:
  version "10.4.0"
  dependencies:
    acorn "^8.15.0"
    acorn-jsx "^5.3.2"
    eslint-visitor-keys "^4.2.1"

esquery@^1.5.0:
  version "1.6.0"
  dependencies:
    estraverse "^5.1.0"

esrecurse@^4.3.0:
  version "4.3.0"
  dependencies:
    estraverse "^5.2.0"

estraverse@^5.1.0, estraverse@^5.2.0:
  version "5.3.0"

esutils@^2.0.2:
  version "2.0.3"

fast-deep-equal@^3.1.1, fast-deep-equal@^3.1.3:
  version "3.1.3"

fast-json-stable-stringify@^2.0.0:
  version "2.1.0"

fast-levenshtein@^2.0.6:
  version "2.0.6"

fdir@^6.5.0:
  version "6.5.0"

file-entry-cache@^8.0.0:
  version "8.0.0"
  dependencies:
    flat-cache "^4.0.0"

find-up@^5.0.0:
  version "5.0.0"
  dependencies:
    locate-path "^6.0.0"
    path-exists "^4.0.0"

flat-cache@^4.0.0:
  version "4.0.1"
  dependencies:
    flatted "^3.2.9"
    keyv "^4.5.4"

flatted@^3.2.9:
  version "3.3.3"

get-caller-file@^2.0.5:
  version "2.0.5"
  resolved "https://registry.npmjs.org/get-caller-file/-/get-caller-file-2.0.5.tgz"
  integrity sha512-DyFP3BM/3YHTQOCUL/w0OZHR0lpKeGrxotcHWcqNEdnltqFwXVfhEBQ94eIo34AfQpo0rGki4cyIiftY06h2Fg==

glob-parent@^6.0.2:
  version "6.0.2"
  dependencies:
    is-glob "^4.0.3"

globals@^14.0.0:
  version "14.0.0"

has-flag@^4.0.0:
  version "4.0.0"

ignore@^5.2.0:
  version "5.3.2"

ignore@^7.0.0:
  version "7.0.5"

import-fresh@^3.2.1:
  version "3.3.1"
  dependencies:
    parent-module "^1.0.0"
    resolve-from "^4.0.0"

imurmurhash@^0.1.4:
  version "0.1.4"

is-extglob@^2.1.1:
  version "2.1.1"

is-fullwidth-code-point@^3.0.0:
  version "3.0.0"
  resolved "https://registry.npmjs.org/is-fullwidth-code-point/-/is-fullwidth-code-point-3.0.0.tgz"
  integrity sha512-zymm5+u+sCsSWyD9qNaejV3DFvhCKclKdizYaJUuHA83RLjb7nSuGnddCHGv0hk+KY7BMAlsWeK4Ueg6EV6XQg==

is-glob@^4.0.0, is-glob@^4.0.3:
  version "4.0.3"
  dependencies:
    is-extglob "^2.1.1"

isexe@^2.0.0:
  version "2.0.0"

js-yaml@^4.1.1:
  version "4.1.1"
  dependencies:
    argparse "^2.0.1"

json-buffer@3.0.1:
  version "3.0.1"

json-schema-traverse@^0.4.1:
  version "0.4.1"

json-stable-stringify-without-jsonify@^1.0.1:
  version "1.0.1"

keyv@^4.5.4:
  version "4.5.4"
  dependencies:
    json-buffer "3.0.1"

levn@^0.4.1:
  version "0.4.1"
  dependencies:
    prelude-ls "^1.2.1"
    type-check "~0.4.0"

locate-path@^6.0.0:
  version "6.0.0"
  dependencies:
    p-locate "^5.0.0"

lodash.merge@^4.6.2:
  version "4.6.2"

minimatch@^3.1.2:
  version "3.1.2"
  dependencies:
    brace-expansion "^1.1.7"

minimatch@^9.0.4:
  version "9.0.5"
  dependencies:
    brace-expansion "^2.0.1"

ms@^2.1.3:
  version "2.1.3"

natural-compare@^1.4.0:
  version "1.4.0"

optionator@^0.9.3:
  version "0.9.4"
  dependencies:
    deep-is "^0.1.3"
    fast-levenshtein "^2.0.6"
    levn "^0.4.1"
    prelude-ls "^1.2.1"
    type-check "^0.4.0"
    word-wrap "^1.2.5"

p-limit@^3.0.2:
  version "3.1.0"
  dependencies:
    yocto-queue "^0.1.0"

p-locate@^5.0.0:
  version "5.0.0"
  dependencies:
    p-limit "^3.0.2"

parent-module@^1.0.0:
  version "1.0.1"
  dependencies:
    callsites "^3.0.0"

path-exists@^4.0.0:
  version "4.0.0"

path-key@^3.1.0:
  version "3.1.1"

"picomatch@^3 || ^4", picomatch@^4.0.3:
  version "4.0.3"

prelude-ls@^1.2.1:
  version "1.2.1"

punycode@^2.1.0:
  version "2.3.1"

require-directory@^2.1.1:
  version "2.1.1"
  resolved "https://registry.npmjs.org/require-directory/-/require-directory-2.1.1.tgz"
  integrity sha512-fGxEI7+wsG9xrvdjsrlmL22OMTTiHRwAMroiEeMgq8gzoLC/PQr7RsRDSTLUg/bZAZtF+TVIkHc6/4RIKrui+Q==

resolve-from@^4.0.0:
  version "4.0.0"

semver@^7.6.0:
  version "7.7.3"

shebang-command@^2.0.0:
  version "2.0.0"
  dependencies:
    shebang-regex "^3.0.0"

shebang-regex@^3.0.0:
  version "3.0.0"

string-width@^4.1.0, string-width@^4.2.0, string-width@^4.2.3:
  version "4.2.3"
  resolved "https://registry.npmjs.org/string-width/-/string-width-4.2.3.tgz"
  integrity sha512-wKyQRQpjJ0sIp62ErSZdGsjMJWsap5oRNihHhu6G7JVO/9jIB6UyevL+tXuOqrng8j/cxKTWyWUwvSTriiZz/g==
  dependencies:
    emoji-regex "^8.0.0"
    is-fullwidth-code-point "^3.0.0"
    strip-ansi "^6.0.1"

strip-ansi@^6.0.0, strip-ansi@^6.0.1:
  version "6.0.1"
  resolved "https://registry.npmjs.org/strip-ansi/-/strip-ansi-6.0.1.tgz"
  integrity sha512-Y38VPSHcqkFrCpFnQ9vuSXmquuv5oXOKpGeT6aGrr3o3Gc9AlVa6JBfUSOCnbxGGZF+/0ooI7KrPuUSztUdU5A==
  dependencies:
    ansi-regex "^5.0.1"

strip-json-comments@^3.1.1:
  version "3.1.1"

supports-color@^7.1.0:
  version "7.2.0"
  dependencies:
    has-flag "^4.0.0"

tinyglobby@^0.2.15:
  version "0.2.15"
  dependencies:
    fdir "^6.5.0"
    picomatch "^4.0.3"

ts-api-utils@^2.1.0:
  version "2.1.0"

type-check@^0.4.0, type-check@~0.4.0:
  version "0.4.0"
  dependencies:
    prelude-ls "^1.2.1"

typescript@^5.9.3, typescript@>=4.8.4, "typescript@>=4.8.4 <6.0.0", typescript@>=5.0.2:
  version "5.9.3"

uri-js@^4.2.2:
  version "4.4.1"
  dependencies:
    punycode "^2.1.0"

which@^2.0.1:
  version "2.0.2"
  dependencies:
    isexe "^2.0.0"

word-wrap@^1.2.5:
  version "1.2.5"

wrap-ansi@^7.0.0:
  version "7.0.0"
  resolved "https://registry.npmjs.org/wrap-ansi/-/wrap-ansi-7.0.0.tgz"
  integrity sha512-YVGIj2kamLSTxw6NsZjoBxfSwsn0ycdesmc4p+Q21c5zPuZ1pl+NfxVdxPtdHvmNVOQ6XSYG4AUtyt/Fi7D16Q==
  dependencies:
    ansi-styles "^4.0.0"
    string-width "^4.1.0"
    strip-ansi "^6.0.0"

y18n@^5.0.5:
  version "5.0.8"
  resolved "https://registry.npmjs.org/y18n/-/y18n-5.0.8.tgz"
  integrity sha512-0pfFzegeDWJHJIAmTLRP2DwHjdF5s7jo9tuztdQxAhINCdvS+3nGINqPd00AphqJR/0LhANUS6/+7SCb98YOfA==

yargs-parser@^21.1.1:
  version "21.1.1"
  resolved "https://registry.npmjs.org/yargs-parser/-/yargs-parser-21.1.1.tgz"
  integrity sha512-tVpsJW7DdjecAiFpbIB1e3qxIQsE6NoPc5/eTdrbbIC4h0LVsWhnoa3g+m2HclBIujHzsxZ4VJVA+GUuc2/LBw==

yargs@^17.6.0:
  version "17.7.2"
  resolved "https://registry.npmjs.org/yargs/-/yargs-17.7.2.tgz"
  integrity sha512-7dSzzRQ++CKnNI/krKnYRV7JKKPUXMEh61soaHKg9mrWEhzFWhFnxPxGl+69cD1Ou63C13NUPCnmIcrvqCuM6w==
  dependencies:
    cliui "^8.0.1"
    escalade "^3.1.1"
    get-caller-file "^2.0.5"
    require-directory "^2.1.1"
    string-width "^4.2.3"
    y18n "^5.0.5"
    yargs-parser "^21.1.1"

yocto-queue@^0.1.0:
  version "0.1.0"
